
Microsoft Visual Studio Solution File, Format Version 12.00
# Visual Studio Version 17
VisualStudioVersion = 17.14.36109.1 d17.14
MinimumVisualStudioVersion = 10.0.40219.1
Project("{FAE04EC0-301F-11D3-BF4B-00C04F79EFBC}") = "Recipes.Api", "Recipes.Api\Recipes.Api.csproj", "{949DBB7C-1E8C-4455-8F15-647DA0A2588B}"
EndProject
Global
	GlobalSection(SolutionConfigurationPlatforms) = preSolution
		Debug|Any CPU = Debug|Any CPU
		Release|Any CPU = Release|Any CPU
	EndGlobalSection
	GlobalSection(ProjectConfigurationPlatforms) = postSolution
		{949DBB7C-1E8C-4455-8F15-647DA0A2588B}.Debug|Any CPU.ActiveCfg = Debug|Any CPU
		{949DBB7C-1E8C-4455-8F15-647DA0A2588B}.Debug|Any CPU.Build.0 = Debug|Any CPU
		{949DBB7C-1E8C-4455-8F15-647DA0A2588B}.Release|Any CPU.ActiveCfg = Release|Any CPU
		{949DBB7C-1E8C-4455-8F15-647DA0A2588B}.Release|Any CPU.Build.0 = Release|Any CPU
	EndGlobalSection
	GlobalSection(SolutionProperties) = preSolution
		HideSolutionNode = FALSE
	EndGlobalSection
	GlobalSection(ExtensibilityGlobals) = postSolution
		SolutionGuid = {D14FB0D9-81A3-465E-9873-0B47EEACDF5E}
	EndGlobalSection
EndGlobal
